
Microsoft Visual Studio Solution File, Format Version 12.00
# Visual Studio 15
VisualStudioVersion = 15.0.27428.2043
MinimumVisualStudioVersion = 10.0.40219.1
Project("{FAE04EC0-301F-11D3-BF4B-00C04F79EFBC}") = "Ink2D", "Ink2D\Ink2D.csproj", "{C3E5B4DD-45E1-4BF8-A683-9D31AF9C6967}"
EndProject
Global
	GlobalSection(SolutionConfigurationPlatforms) = preSolution
		Debug|Any CPU = Debug|Any CPU
		Release|Any CPU = Release|Any CPU
	EndGlobalSection
	GlobalSection(ProjectConfigurationPlatforms) = postSolution
		{C3E5B4DD-45E1-4BF8-A683-9D31AF9C6967}.Debug|Any CPU.ActiveCfg = Debug|Any CPU
		{C3E5B4DD-45E1-4BF8-A683-9D31AF9C6967}.Debug|Any CPU.Build.0 = Debug|Any CPU
		{C3E5B4DD-45E1-4BF8-A683-9D31AF9C6967}.Release|Any CPU.ActiveCfg = Release|Any CPU
		{C3E5B4DD-45E1-4BF8-A683-9D31AF9C6967}.Release|Any CPU.Build.0 = Release|Any CPU
	EndGlobalSection
	GlobalSection(SolutionProperties) = preSolution
		HideSolutionNode = FALSE
	EndGlobalSection
	GlobalSection(ExtensibilityGlobals) = postSolution
		SolutionGuid = {FAFD5CE7-2707-4F7E-97A6-B62D421D7F1C}
	EndGlobalSection
EndGlobal
